version = 1
revision = 1
requires-python = ">=3.13"

[[package]]
name = "kafka-python"
version = "2.2.11"
source = { registry = "https://pypi.org/simple" }
sdist = { url = "https://files.pythonhosted.org/packages/01/cf/f55532155c7e2c54fdbdceb1412425f894fd0a6897575fa3454e541ce186/kafka_python-2.2.11.tar.gz", hash = "sha256:8ff8bcc158f48b47ba516536a5b1287db75a8ceff13d639da917ec52e171acde", size = 347568 }
wheels = [
    { url = "https://files.pythonhosted.org/packages/94/e1/89df26df8a93d24c4ad01db6cffb65894ef3e39c1cedf4a281178e7cb669/kafka_python-2.2.11-py2.py3-none-any.whl", hash = "sha256:c285ce322108382ea9fd62273aab175d9a6959866145cf7cf9d4ca447b632372", size = 309650 },
]

[[package]]
name = "kafka-toy"
version = "0.1.0"
source = { virtual = "." }
dependencies = [
    { name = "kafka-python" },
    { name = "python-dotenv" },
]

[package.metadata]
requires-dist = [
    { name = "kafka-python", specifier = ">=2.2.11" },
    { name = "python-dotenv", specifier = ">=1.1.0" },
]

[[package]]
name = "python-dotenv"
version = "1.1.0"
source = { registry = "https://pypi.org/simple" }
sdist = { url = "https://files.pythonhosted.org/packages/88/2c/7bb1416c5620485aa793f2de31d3df393d3686aa8a8506d11e10e13c5baf/python_dotenv-1.1.0.tar.gz", hash = "sha256:41f90bc6f5f177fb41f53e87666db362025010eb28f60a01c9143bfa33a2b2d5", size = 39920 }
wheels = [
    { url = "https://files.pythonhosted.org/packages/1e/18/98a99ad95133c6a6e2005fe89faedf294a748bd5dc803008059409ac9b1e/python_dotenv-1.1.0-py3-none-any.whl", hash = "sha256:d7c01d9e2293916c18baf562d95698754b0dbbb5e74d457c45d4f6561fb9d55d", size = 20256 },
]
